// !$*UTF8*$!
{
	archiveVersion = 1;
	classes = {
	};
	objectVersion = 46;
	objects = {

/* Begin PBXBuildFile section */
		48070F891F0957A90015FC2A /* CommonError.swift in Sources */ = {isa = PBXBuildFile; fileRef = 48070F881F0957A90015FC2A /* CommonError.swift */; };
		481403891F05647F00917E7F /* RepositoryWebViewController.swift in Sources */ = {isa = PBXBuildFile; fileRef = 481403881F05647F00917E7F /* RepositoryWebViewController.swift */; };
		481E874B1F056C27007348F5 /* CustomSizePresentationController.swift in Sources */ = {isa = PBXBuildFile; fileRef = 481E874A1F056C27007348F5 /* CustomSizePresentationController.swift */; };
		481E874D1F05711E007348F5 /* UIViewExtension.swift in Sources */ = {isa = PBXBuildFile; fileRef = 481E874C1F05711E007348F5 /* UIViewExtension.swift */; };
		481E87531F057A6B007348F5 /* CustomPresentationViewController.swift in Sources */ = {isa = PBXBuildFile; fileRef = 481E87521F057A6B007348F5 /* CustomPresentationViewController.swift */; };
		482D51511F04DFF300450AB2 /* HomeViewPresenter.swift in Sources */ = {isa = PBXBuildFile; fileRef = 482D51501F04DFF300450AB2 /* HomeViewPresenter.swift */; };
		482D51531F04E43300450AB2 /* HomeViewPresenterProtocol.swift in Sources */ = {isa = PBXBuildFile; fileRef = 482D51521F04E43300450AB2 /* HomeViewPresenterProtocol.swift */; };
		482D51551F04E45000450AB2 /* HomeViewPresenterDelegate.swift in Sources */ = {isa = PBXBuildFile; fileRef = 482D51541F04E45000450AB2 /* HomeViewPresenterDelegate.swift */; };
		482D51591F04ECAD00450AB2 /* HomeViewController.swift in Sources */ = {isa = PBXBuildFile; fileRef = 482D51571F04ECAD00450AB2 /* HomeViewController.swift */; };
		482D515B1F04ECC000450AB2 /* RepositoryTableViewCell.swift in Sources */ = {isa = PBXBuildFile; fileRef = 482D515A1F04ECC000450AB2 /* RepositoryTableViewCell.swift */; };
		482D515D1F04F37000450AB2 /* TabBarControllerExtension.swift in Sources */ = {isa = PBXBuildFile; fileRef = 482D515C1F04F37000450AB2 /* TabBarControllerExtension.swift */; };
		482D515F1F05083000450AB2 /* SynchronizedArray.swift in Sources */ = {isa = PBXBuildFile; fileRef = 482D515E1F05083000450AB2 /* SynchronizedArray.swift */; };
		482D51611F050B5900450AB2 /* StringExtension.swift in Sources */ = {isa = PBXBuildFile; fileRef = 482D51601F050B5900450AB2 /* StringExtension.swift */; };
		484360331F0433DD00F0EF4C /* APIManager.swift in Sources */ = {isa = PBXBuildFile; fileRef = 484360321F0433DD00F0EF4C /* APIManager.swift */; };
		484360351F044F2000F0EF4C /* GitHubRepositoryResponse.swift in Sources */ = {isa = PBXBuildFile; fileRef = 484360341F044F2000F0EF4C /* GitHubRepositoryResponse.swift */; };
		484360371F044F4700F0EF4C /* GitHubRepository.swift in Sources */ = {isa = PBXBuildFile; fileRef = 484360361F044F4700F0EF4C /* GitHubRepository.swift */; };
		4843603A1F044FA900F0EF4C /* AlamofireGenericExtension.swift in Sources */ = {isa = PBXBuildFile; fileRef = 484360391F044FA900F0EF4C /* AlamofireGenericExtension.swift */; };
		4843603C1F0450F500F0EF4C /* GitHubError.swift in Sources */ = {isa = PBXBuildFile; fileRef = 4843603B1F0450F500F0EF4C /* GitHubError.swift */; };
		4843603E1F04518100F0EF4C /* GitHubErrorReponse.swift in Sources */ = {isa = PBXBuildFile; fileRef = 4843603D1F04518100F0EF4C /* GitHubErrorReponse.swift */; };
		484360401F04576500F0EF4C /* GitHubResponse.swift in Sources */ = {isa = PBXBuildFile; fileRef = 4843603F1F04576500F0EF4C /* GitHubResponse.swift */; };
		484546841F092B4200730239 /* CancelRequestTableHeaderView.xib in Resources */ = {isa = PBXBuildFile; fileRef = 484546831F092B4200730239 /* CancelRequestTableHeaderView.xib */; };
		484546861F092B6500730239 /* CancelRequestTableHeaderView.swift in Sources */ = {isa = PBXBuildFile; fileRef = 484546851F092B6500730239 /* CancelRequestTableHeaderView.swift */; };
		4845468A1F09518F00730239 /* UIViewControllerExtension.swift in Sources */ = {isa = PBXBuildFile; fileRef = 484546891F09518F00730239 /* UIViewControllerExtension.swift */; };
		48649DD91F042E9800B67E9A /* AppDelegate.swift in Sources */ = {isa = PBXBuildFile; fileRef = 48649DD81F042E9800B67E9A /* AppDelegate.swift */; };
		48649DDE1F042E9800B67E9A /* Main.storyboard in Resources */ = {isa = PBXBuildFile; fileRef = 48649DDC1F042E9800B67E9A /* Main.storyboard */; };
		48649DE01F042E9800B67E9A /* Assets.xcassets in Resources */ = {isa = PBXBuildFile; fileRef = 48649DDF1F042E9800B67E9A /* Assets.xcassets */; };
		48649DE31F042E9800B67E9A /* LaunchScreen.storyboard in Resources */ = {isa = PBXBuildFile; fileRef = 48649DE11F042E9800B67E9A /* LaunchScreen.storyboard */; };
		48927DA21F05234B00E10FFC /* StoredViewController.swift in Sources */ = {isa = PBXBuildFile; fileRef = 48927DA11F05234B00E10FFC /* StoredViewController.swift */; };
		48927DAC1F05273800E10FFC /* BasePresenter.swift in Sources */ = {isa = PBXBuildFile; fileRef = 48927DAB1F05273800E10FFC /* BasePresenter.swift */; };
		48927DAE1F05277B00E10FFC /* StoredViewPresenter.swift in Sources */ = {isa = PBXBuildFile; fileRef = 48927DAD1F05277B00E10FFC /* StoredViewPresenter.swift */; };
		48927DB01F05278200E10FFC /* StoredViewPresenterDelegate.swift in Sources */ = {isa = PBXBuildFile; fileRef = 48927DAF1F05278200E10FFC /* StoredViewPresenterDelegate.swift */; };
		48927DB21F05278800E10FFC /* StoredViewPresenterProtocol.swift in Sources */ = {isa = PBXBuildFile; fileRef = 48927DB11F05278800E10FFC /* StoredViewPresenterProtocol.swift */; };
		48927DB41F05292900E10FFC /* BasePresenterProtocol.swift in Sources */ = {isa = PBXBuildFile; fileRef = 48927DB31F05292900E10FFC /* BasePresenterProtocol.swift */; };
		48927DB61F052B8400E10FFC /* DataManager.swift in Sources */ = {isa = PBXBuildFile; fileRef = 48927DB51F052B8400E10FFC /* DataManager.swift */; };
		48927DB81F0542E800E10FFC /* RepositoryTableViewCell.xib in Resources */ = {isa = PBXBuildFile; fileRef = 48927DB71F0542E800E10FFC /* RepositoryTableViewCell.xib */; };
		BE2516B74490C63A8A4B836F /* Pods_GithubTestApp.framework in Frameworks */ = {isa = PBXBuildFile; fileRef = 2802312C2DDB85C7A8242F5B /* Pods_GithubTestApp.framework */; };
/* End PBXBuildFile section */

/* Begin PBXFileReference section */
		1E73F1AD1F80AA2351A2268B /* Pods-GithubTestApp.debug.xcconfig */ = {isa = PBXFileReference; includeInIndex = 1; lastKnownFileType = text.xcconfig; name = "Pods-GithubTestApp.debug.xcconfig"; path = "Pods/Target Support Files/Pods-GithubTestApp/Pods-GithubTestApp.debug.xcconfig"; sourceTree = "<group>"; };
		2802312C2DDB85C7A8242F5B /* Pods_GithubTestApp.framework */ = {isa = PBXFileReference; explicitFileType = wrapper.framework; includeInIndex = 0; path = Pods_GithubTestApp.framework; sourceTree = BUILT_PRODUCTS_DIR; };
		34781969E7BB308099C55833 /* Pods-GithubTestApp.release.xcconfig */ = {isa = PBXFileReference; includeInIndex = 1; lastKnownFileType = text.xcconfig; name = "Pods-GithubTestApp.release.xcconfig"; path = "Pods/Target Support Files/Pods-GithubTestApp/Pods-GithubTestApp.release.xcconfig"; sourceTree = "<group>"; };
		48070F881F0957A90015FC2A /* CommonError.swift */ = {isa = PBXFileReference; fileEncoding = 4; lastKnownFileType = sourcecode.swift; path = CommonError.swift; sourceTree = "<group>"; };
		481403881F05647F00917E7F /* RepositoryWebViewController.swift */ = {isa = PBXFileReference; fileEncoding = 4; lastKnownFileType = sourcecode.swift; path = RepositoryWebViewController.swift; sourceTree = "<group>"; };
		481E874A1F056C27007348F5 /* CustomSizePresentationController.swift */ = {isa = PBXFileReference; fileEncoding = 4; lastKnownFileType = sourcecode.swift; path = CustomSizePresentationController.swift; sourceTree = "<group>"; };
		481E874C1F05711E007348F5 /* UIViewExtension.swift */ = {isa = PBXFileReference; fileEncoding = 4; lastKnownFileType = sourcecode.swift; path = UIViewExtension.swift; sourceTree = "<group>"; };
		481E87521F057A6B007348F5 /* CustomPresentationViewController.swift */ = {isa = PBXFileReference; fileEncoding = 4; lastKnownFileType = sourcecode.swift; path = CustomPresentationViewController.swift; sourceTree = "<group>"; };
		482D51501F04DFF300450AB2 /* HomeViewPresenter.swift */ = {isa = PBXFileReference; fileEncoding = 4; lastKnownFileType = sourcecode.swift; path = HomeViewPresenter.swift; sourceTree = "<group>"; };
		482D51521F04E43300450AB2 /* HomeViewPresenterProtocol.swift */ = {isa = PBXFileReference; fileEncoding = 4; lastKnownFileType = sourcecode.swift; path = HomeViewPresenterProtocol.swift; sourceTree = "<group>"; };
		482D51541F04E45000450AB2 /* HomeViewPresenterDelegate.swift */ = {isa = PBXFileReference; fileEncoding = 4; lastKnownFileType = sourcecode.swift; path = HomeViewPresenterDelegate.swift; sourceTree = "<group>"; };
		482D51571F04ECAD00450AB2 /* HomeViewController.swift */ = {isa = PBXFileReference; fileEncoding = 4; lastKnownFileType = sourcecode.swift; path = HomeViewController.swift; sourceTree = "<group>"; };
		482D515A1F04ECC000450AB2 /* RepositoryTableViewCell.swift */ = {isa = PBXFileReference; fileEncoding = 4; lastKnownFileType = sourcecode.swift; path = RepositoryTableViewCell.swift; sourceTree = "<group>"; };
		482D515C1F04F37000450AB2 /* TabBarControllerExtension.swift */ = {isa = PBXFileReference; fileEncoding = 4; lastKnownFileType = sourcecode.swift; path = TabBarControllerExtension.swift; sourceTree = "<group>"; };
		482D515E1F05083000450AB2 /* SynchronizedArray.swift */ = {isa = PBXFileReference; fileEncoding = 4; lastKnownFileType = sourcecode.swift; path = SynchronizedArray.swift; sourceTree = "<group>"; };
		482D51601F050B5900450AB2 /* StringExtension.swift */ = {isa = PBXFileReference; fileEncoding = 4; lastKnownFileType = sourcecode.swift; path = StringExtension.swift; sourceTree = "<group>"; };
		484360321F0433DD00F0EF4C /* APIManager.swift */ = {isa = PBXFileReference; fileEncoding = 4; lastKnownFileType = sourcecode.swift; path = APIManager.swift; sourceTree = "<group>"; };
		484360341F044F2000F0EF4C /* GitHubRepositoryResponse.swift */ = {isa = PBXFileReference; fileEncoding = 4; lastKnownFileType = sourcecode.swift; path = GitHubRepositoryResponse.swift; sourceTree = "<group>"; };
		484360361F044F4700F0EF4C /* GitHubRepository.swift */ = {isa = PBXFileReference; fileEncoding = 4; lastKnownFileType = sourcecode.swift; path = GitHubRepository.swift; sourceTree = "<group>"; };
		484360391F044FA900F0EF4C /* AlamofireGenericExtension.swift */ = {isa = PBXFileReference; fileEncoding = 4; lastKnownFileType = sourcecode.swift; path = AlamofireGenericExtension.swift; sourceTree = "<group>"; };
		4843603B1F0450F500F0EF4C /* GitHubError.swift */ = {isa = PBXFileReference; fileEncoding = 4; lastKnownFileType = sourcecode.swift; path = GitHubError.swift; sourceTree = "<group>"; };
		4843603D1F04518100F0EF4C /* GitHubErrorReponse.swift */ = {isa = PBXFileReference; fileEncoding = 4; lastKnownFileType = sourcecode.swift; path = GitHubErrorReponse.swift; sourceTree = "<group>"; };
		4843603F1F04576500F0EF4C /* GitHubResponse.swift */ = {isa = PBXFileReference; fileEncoding = 4; lastKnownFileType = sourcecode.swift; path = GitHubResponse.swift; sourceTree = "<group>"; };
		484546831F092B4200730239 /* CancelRequestTableHeaderView.xib */ = {isa = PBXFileReference; fileEncoding = 4; lastKnownFileType = file.xib; path = CancelRequestTableHeaderView.xib; sourceTree = "<group>"; };
		484546851F092B6500730239 /* CancelRequestTableHeaderView.swift */ = {isa = PBXFileReference; fileEncoding = 4; lastKnownFileType = sourcecode.swift; path = CancelRequestTableHeaderView.swift; sourceTree = "<group>"; };
		484546891F09518F00730239 /* UIViewControllerExtension.swift */ = {isa = PBXFileReference; fileEncoding = 4; lastKnownFileType = sourcecode.swift; path = UIViewControllerExtension.swift; sourceTree = "<group>"; };
		48649DD51F042E9800B67E9A /* GithubTestApp.app */ = {isa = PBXFileReference; explicitFileType = wrapper.application; includeInIndex = 0; path = GithubTestApp.app; sourceTree = BUILT_PRODUCTS_DIR; };
		48649DD81F042E9800B67E9A /* AppDelegate.swift */ = {isa = PBXFileReference; lastKnownFileType = sourcecode.swift; path = AppDelegate.swift; sourceTree = "<group>"; };
		48649DDD1F042E9800B67E9A /* Base */ = {isa = PBXFileReference; lastKnownFileType = file.storyboard; name = Base; path = Base.lproj/Main.storyboard; sourceTree = "<group>"; };
		48649DDF1F042E9800B67E9A /* Assets.xcassets */ = {isa = PBXFileReference; lastKnownFileType = folder.assetcatalog; path = Assets.xcassets; sourceTree = "<group>"; };
		48649DE21F042E9800B67E9A /* Base */ = {isa = PBXFileReference; lastKnownFileType = file.storyboard; name = Base; path = Base.lproj/LaunchScreen.storyboard; sourceTree = "<group>"; };
		48649DE41F042E9800B67E9A /* Info.plist */ = {isa = PBXFileReference; lastKnownFileType = text.plist.xml; path = Info.plist; sourceTree = "<group>"; };
		48927DA11F05234B00E10FFC /* StoredViewController.swift */ = {isa = PBXFileReference; fileEncoding = 4; lastKnownFileType = sourcecode.swift; path = StoredViewController.swift; sourceTree = "<group>"; };
		48927DAB1F05273800E10FFC /* BasePresenter.swift */ = {isa = PBXFileReference; fileEncoding = 4; lastKnownFileType = sourcecode.swift; path = BasePresenter.swift; sourceTree = "<group>"; };
		48927DAD1F05277B00E10FFC /* StoredViewPresenter.swift */ = {isa = PBXFileReference; fileEncoding = 4; lastKnownFileType = sourcecode.swift; path = StoredViewPresenter.swift; sourceTree = "<group>"; };
		48927DAF1F05278200E10FFC /* StoredViewPresenterDelegate.swift */ = {isa = PBXFileReference; fileEncoding = 4; lastKnownFileType = sourcecode.swift; path = StoredViewPresenterDelegate.swift; sourceTree = "<group>"; };
		48927DB11F05278800E10FFC /* StoredViewPresenterProtocol.swift */ = {isa = PBXFileReference; fileEncoding = 4; lastKnownFileType = sourcecode.swift; path = StoredViewPresenterProtocol.swift; sourceTree = "<group>"; };
		48927DB31F05292900E10FFC /* BasePresenterProtocol.swift */ = {isa = PBXFileReference; fileEncoding = 4; lastKnownFileType = sourcecode.swift; path = BasePresenterProtocol.swift; sourceTree = "<group>"; };
		48927DB51F052B8400E10FFC /* DataManager.swift */ = {isa = PBXFileReference; fileEncoding = 4; lastKnownFileType = sourcecode.swift; path = DataManager.swift; sourceTree = "<group>"; };
		48927DB71F0542E800E10FFC /* RepositoryTableViewCell.xib */ = {isa = PBXFileReference; fileEncoding = 4; lastKnownFileType = file.xib; path = RepositoryTableViewCell.xib; sourceTree = "<group>"; };
/* End PBXFileReference section */

/* Begin PBXFrameworksBuildPhase section */
		48649DD21F042E9800B67E9A /* Frameworks */ = {
			isa = PBXFrameworksBuildPhase;
			buildActionMask = 2147483647;
			files = (
				BE2516B74490C63A8A4B836F /* Pods_GithubTestApp.framework in Frameworks */,
			);
			runOnlyForDeploymentPostprocessing = 0;
		};
/* End PBXFrameworksBuildPhase section */

/* Begin PBXGroup section */
		482D51561F04ECAD00450AB2 /* ViewControllers */ = {
			isa = PBXGroup;
			children = (
				482D51571F04ECAD00450AB2 /* HomeViewController.swift */,
				48927DA11F05234B00E10FFC /* StoredViewController.swift */,
				481403881F05647F00917E7F /* RepositoryWebViewController.swift */,
				481E87521F057A6B007348F5 /* CustomPresentationViewController.swift */,
			);
			path = ViewControllers;
			sourceTree = "<group>";
		};
		482D51581F04ECAD00450AB2 /* Cells */ = {
			isa = PBXGroup;
			children = (
				482D515A1F04ECC000450AB2 /* RepositoryTableViewCell.swift */,
				48927DB71F0542E800E10FFC /* RepositoryTableViewCell.xib */,
				484546851F092B6500730239 /* CancelRequestTableHeaderView.swift */,
				484546831F092B4200730239 /* CancelRequestTableHeaderView.xib */,
			);
			path = Cells;
			sourceTree = "<group>";
		};
		4843602E1F04330200F0EF4C /* Managers */ = {
			isa = PBXGroup;
			children = (
				484360321F0433DD00F0EF4C /* APIManager.swift */,
				48927DB51F052B8400E10FFC /* DataManager.swift */,
			);
			path = Managers;
			sourceTree = "<group>";
		};
		4843602F1F04330200F0EF4C /* Presenter */ = {
			isa = PBXGroup;
			children = (
				48927DB31F05292900E10FFC /* BasePresenterProtocol.swift */,
				48927DAB1F05273800E10FFC /* BasePresenter.swift */,
				482D51541F04E45000450AB2 /* HomeViewPresenterDelegate.swift */,
				482D51521F04E43300450AB2 /* HomeViewPresenterProtocol.swift */,
				482D51501F04DFF300450AB2 /* HomeViewPresenter.swift */,
				48927DAF1F05278200E10FFC /* StoredViewPresenterDelegate.swift */,
				48927DB11F05278800E10FFC /* StoredViewPresenterProtocol.swift */,
				48927DAD1F05277B00E10FFC /* StoredViewPresenter.swift */,
			);
			path = Presenter;
			sourceTree = "<group>";
		};
		484360301F04330200F0EF4C /* View */ = {
			isa = PBXGroup;
			children = (
				48649DDC1F042E9800B67E9A /* Main.storyboard */,
				48649DE11F042E9800B67E9A /* LaunchScreen.storyboard */,
				482D51561F04ECAD00450AB2 /* ViewControllers */,
				482D51581F04ECAD00450AB2 /* Cells */,
			);
			path = View;
			sourceTree = "<group>";
		};
		484360311F04330200F0EF4C /* Model */ = {
			isa = PBXGroup;
			children = (
				4843603F1F04576500F0EF4C /* GitHubResponse.swift */,
				484360361F044F4700F0EF4C /* GitHubRepository.swift */,
				484360341F044F2000F0EF4C /* GitHubRepositoryResponse.swift */,
				4843603B1F0450F500F0EF4C /* GitHubError.swift */,
				4843603D1F04518100F0EF4C /* GitHubErrorReponse.swift */,
				48070F881F0957A90015FC2A /* CommonError.swift */,
			);
			path = Model;
			sourceTree = "<group>";
		};
		484360381F044F8E00F0EF4C /* Utils */ = {
			isa = PBXGroup;
			children = (
				484360391F044FA900F0EF4C /* AlamofireGenericExtension.swift */,
				482D515C1F04F37000450AB2 /* TabBarControllerExtension.swift */,
				482D515E1F05083000450AB2 /* SynchronizedArray.swift */,
				482D51601F050B5900450AB2 /* StringExtension.swift */,
				481E874A1F056C27007348F5 /* CustomSizePresentationController.swift */,
				481E874C1F05711E007348F5 /* UIViewExtension.swift */,
				484546891F09518F00730239 /* UIViewControllerExtension.swift */,
			);
			path = Utils;
			sourceTree = "<group>";
		};
		48649DCC1F042E9800B67E9A = {
			isa = PBXGroup;
			children = (
				48649DD71F042E9800B67E9A /* GithubTestApp */,
				48649DD61F042E9800B67E9A /* Products */,
				DA3F9F9A023A5423B9BE2E11 /* Pods */,
				C93C341904BF946996C62C2F /* Frameworks */,
			);
			sourceTree = "<group>";
		};
		48649DD61F042E9800B67E9A /* Products */ = {
			isa = PBXGroup;
			children = (
				48649DD51F042E9800B67E9A /* GithubTestApp.app */,
			);
			name = Products;
			sourceTree = "<group>";
		};
		48649DD71F042E9800B67E9A /* GithubTestApp */ = {
			isa = PBXGroup;
			children = (
				48649DD81F042E9800B67E9A /* AppDelegate.swift */,
				4843602F1F04330200F0EF4C /* Presenter */,
				484360301F04330200F0EF4C /* View */,
				484360311F04330200F0EF4C /* Model */,
				4843602E1F04330200F0EF4C /* Managers */,
				484360381F044F8E00F0EF4C /* Utils */,
				48649DDF1F042E9800B67E9A /* Assets.xcassets */,
				48649DE41F042E9800B67E9A /* Info.plist */,
			);
			path = GithubTestApp;
			sourceTree = "<group>";
		};
		C93C341904BF946996C62C2F /* Frameworks */ = {
			isa = PBXGroup;
			children = (
				2802312C2DDB85C7A8242F5B /* Pods_GithubTestApp.framework */,
			);
			name = Frameworks;
			sourceTree = "<group>";
		};
		DA3F9F9A023A5423B9BE2E11 /* Pods */ = {
			isa = PBXGroup;
			children = (
				1E73F1AD1F80AA2351A2268B /* Pods-GithubTestApp.debug.xcconfig */,
				34781969E7BB308099C55833 /* Pods-GithubTestApp.release.xcconfig */,
			);
			name = Pods;
			sourceTree = "<group>";
		};
/* End PBXGroup section */

/* Begin PBXNativeTarget section */
		48649DD41F042E9800B67E9A /* GithubTestApp */ = {
			isa = PBXNativeTarget;
			buildConfigurationList = 48649DE71F042E9800B67E9A /* Build configuration list for PBXNativeTarget "GithubTestApp" */;
			buildPhases = (
				2A62AAED8B481D6067E83D2B /* [CP] Check Pods Manifest.lock */,
				48649DD11F042E9800B67E9A /* Sources */,
				48649DD21F042E9800B67E9A /* Frameworks */,
				48649DD31F042E9800B67E9A /* Resources */,
				BC54A619E2D0DB126F519A98 /* [CP] Embed Pods Frameworks */,
				230DC7EE28FF967B608ADFF8 /* [CP] Copy Pods Resources */,
			);
			buildRules = (
			);
			dependencies = (
			);
			name = GithubTestApp;
			productName = GithubTestApp;
			productReference = 48649DD51F042E9800B67E9A /* GithubTestApp.app */;
			productType = "com.apple.product-type.application";
		};
/* End PBXNativeTarget section */

/* Begin PBXProject section */
		48649DCD1F042E9800B67E9A /* Project object */ = {
			isa = PBXProject;
			attributes = {
				LastSwiftUpdateCheck = 0830;
				LastUpgradeCheck = 0830;
				ORGANIZATIONNAME = "Pavlo Deynega";
				TargetAttributes = {
					48649DD41F042E9800B67E9A = {
						CreatedOnToolsVersion = 8.3.3;
						DevelopmentTeam = G8XQL5X2GB;
						ProvisioningStyle = Automatic;
					};
				};
			};
			buildConfigurationList = 48649DD01F042E9800B67E9A /* Build configuration list for PBXProject "GithubTestApp" */;
			compatibilityVersion = "Xcode 3.2";
			developmentRegion = English;
			hasScannedForEncodings = 0;
			knownRegions = (
				en,
				Base,
			);
			mainGroup = 48649DCC1F042E9800B67E9A;
			productRefGroup = 48649DD61F042E9800B67E9A /* Products */;
			projectDirPath = "";
			projectRoot = "";
			targets = (
				48649DD41F042E9800B67E9A /* GithubTestApp */,
			);
		};
/* End PBXProject section */

/* Begin PBXResourcesBuildPhase section */
		48649DD31F042E9800B67E9A /* Resources */ = {
			isa = PBXResourcesBuildPhase;
			buildActionMask = 2147483647;
			files = (
				48649DE31F042E9800B67E9A /* LaunchScreen.storyboard in Resources */,
				48927DB81F0542E800E10FFC /* RepositoryTableViewCell.xib in Resources */,
				484546841F092B4200730239 /* CancelRequestTableHeaderView.xib in Resources */,
				48649DE01F042E9800B67E9A /* Assets.xcassets in Resources */,
				48649DDE1F042E9800B67E9A /* Main.storyboard in Resources */,
			);
			runOnlyForDeploymentPostprocessing = 0;
		};
/* End PBXResourcesBuildPhase section */

/* Begin PBXShellScriptBuildPhase section */
		230DC7EE28FF967B608ADFF8 /* [CP] Copy Pods Resources */ = {
			isa = PBXShellScriptBuildPhase;
			buildActionMask = 2147483647;
			files = (
			);
			inputPaths = (
			);
			name = "[CP] Copy Pods Resources";
			outputPaths = (
			);
			runOnlyForDeploymentPostprocessing = 0;
			shellPath = /bin/sh;
			shellScript = "\"${SRCROOT}/Pods/Target Support Files/Pods-GithubTestApp/Pods-GithubTestApp-resources.sh\"\n";
			showEnvVarsInLog = 0;
		};
		2A62AAED8B481D6067E83D2B /* [CP] Check Pods Manifest.lock */ = {
			isa = PBXShellScriptBuildPhase;
			buildActionMask = 2147483647;
			files = (
			);
			inputPaths = (
			);
			name = "[CP] Check Pods Manifest.lock";
			outputPaths = (
			);
			runOnlyForDeploymentPostprocessing = 0;
			shellPath = /bin/sh;
			shellScript = "diff \"${PODS_PODFILE_DIR_PATH}/Podfile.lock\" \"${PODS_ROOT}/Manifest.lock\" > /dev/null\nif [ $? != 0 ] ; then\n    # print error to STDERR\n    echo \"error: The sandbox is not in sync with the Podfile.lock. Run 'pod install' or update your CocoaPods installation.\" >&2\n    exit 1\nfi\n";
			showEnvVarsInLog = 0;
		};
		BC54A619E2D0DB126F519A98 /* [CP] Embed Pods Frameworks */ = {
			isa = PBXShellScriptBuildPhase;
			buildActionMask = 2147483647;
			files = (
			);
			inputPaths = (
			);
			name = "[CP] Embed Pods Frameworks";
			outputPaths = (
			);
			runOnlyForDeploymentPostprocessing = 0;
			shellPath = /bin/sh;
			shellScript = "\"${SRCROOT}/Pods/Target Support Files/Pods-GithubTestApp/Pods-GithubTestApp-frameworks.sh\"\n";
			showEnvVarsInLog = 0;
		};
/* End PBXShellScriptBuildPhase section */

/* Begin PBXSourcesBuildPhase section */
		48649DD11F042E9800B67E9A /* Sources */ = {
			isa = PBXSourcesBuildPhase;
			buildActionMask = 2147483647;
			files = (
				482D51531F04E43300450AB2 /* HomeViewPresenterProtocol.swift in Sources */,
				48927DB01F05278200E10FFC /* StoredViewPresenterDelegate.swift in Sources */,
				4845468A1F09518F00730239 /* UIViewControllerExtension.swift in Sources */,
				484360401F04576500F0EF4C /* GitHubResponse.swift in Sources */,
				484360331F0433DD00F0EF4C /* APIManager.swift in Sources */,
				4843603C1F0450F500F0EF4C /* GitHubError.swift in Sources */,
				48927DB61F052B8400E10FFC /* DataManager.swift in Sources */,
				48927DAE1F05277B00E10FFC /* StoredViewPresenter.swift in Sources */,
				482D51611F050B5900450AB2 /* StringExtension.swift in Sources */,
				484546861F092B6500730239 /* CancelRequestTableHeaderView.swift in Sources */,
				482D515F1F05083000450AB2 /* SynchronizedArray.swift in Sources */,
				4843603A1F044FA900F0EF4C /* AlamofireGenericExtension.swift in Sources */,
				482D515B1F04ECC000450AB2 /* RepositoryTableViewCell.swift in Sources */,
				48927DA21F05234B00E10FFC /* StoredViewController.swift in Sources */,
				482D51511F04DFF300450AB2 /* HomeViewPresenter.swift in Sources */,
				482D515D1F04F37000450AB2 /* TabBarControllerExtension.swift in Sources */,
				4843603E1F04518100F0EF4C /* GitHubErrorReponse.swift in Sources */,
				48649DD91F042E9800B67E9A /* AppDelegate.swift in Sources */,
				481403891F05647F00917E7F /* RepositoryWebViewController.swift in Sources */,
				484360371F044F4700F0EF4C /* GitHubRepository.swift in Sources */,
				481E87531F057A6B007348F5 /* CustomPresentationViewController.swift in Sources */,
				48927DB41F05292900E10FFC /* BasePresenterProtocol.swift in Sources */,
				482D51551F04E45000450AB2 /* HomeViewPresenterDelegate.swift in Sources */,
				481E874B1F056C27007348F5 /* CustomSizePresentationController.swift in Sources */,
				48927DB21F05278800E10FFC /* StoredViewPresenterProtocol.swift in Sources */,
				48070F891F0957A90015FC2A /* CommonError.swift in Sources */,
				481E874D1F05711E007348F5 /* UIViewExtension.swift in Sources */,
				484360351F044F2000F0EF4C /* GitHubRepositoryResponse.swift in Sources */,
				482D51591F04ECAD00450AB2 /* HomeViewController.swift in Sources */,
				48927DAC1F05273800E10FFC /* BasePresenter.swift in Sources */,
			);
			runOnlyForDeploymentPostprocessing = 0;
		};
/* End PBXSourcesBuildPhase section */

/* Begin PBXVariantGroup section */
		48649DDC1F042E9800B67E9A /* Main.storyboard */ = {
			isa = PBXVariantGroup;
			children = (
				48649DDD1F042E9800B67E9A /* Base */,
			);
			name = Main.storyboard;
			path = ..;
			sourceTree = "<group>";
		};
		48649DE11F042E9800B67E9A /* LaunchScreen.storyboard */ = {
			isa = PBXVariantGroup;
			children = (
				48649DE21F042E9800B67E9A /* Base */,
			);
			name = LaunchScreen.storyboard;
			path = ..;
			sourceTree = "<group>";
		};
/* End PBXVariantGroup section */

/* Begin XCBuildConfiguration section */
		48649DE51F042E9800B67E9A /* Debug */ = {
			isa = XCBuildConfiguration;
			buildSettings = {
				ALWAYS_SEARCH_USER_PATHS = NO;
				CLANG_ANALYZER_NONNULL = YES;
				CLANG_ANALYZER_NUMBER_OBJECT_CONVERSION = YES_AGGRESSIVE;
				CLANG_CXX_LANGUAGE_STANDARD = "gnu++0x";
				CLANG_CXX_LIBRARY = "libc++";
				CLANG_ENABLE_MODULES = YES;
				CLANG_ENABLE_OBJC_ARC = YES;
				CLANG_WARN_BOOL_CONVERSION = YES;
				CLANG_WARN_CONSTANT_CONVERSION = YES;
				CLANG_WARN_DIRECT_OBJC_ISA_USAGE = YES_ERROR;
				CLANG_WARN_DOCUMENTATION_COMMENTS = YES;
				CLANG_WARN_EMPTY_BODY = YES;
				CLANG_WARN_ENUM_CONVERSION = YES;
				CLANG_WARN_INFINITE_RECURSION = YES;
				CLANG_WARN_INT_CONVERSION = YES;
				CLANG_WARN_OBJC_ROOT_CLASS = YES_ERROR;
				CLANG_WARN_SUSPICIOUS_MOVE = YES;
				CLANG_WARN_UNREACHABLE_CODE = YES;
				CLANG_WARN__DUPLICATE_METHOD_MATCH = YES;
				"CODE_SIGN_IDENTITY[sdk=iphoneos*]" = "iPhone Developer";
				COPY_PHASE_STRIP = NO;
				DEBUG_INFORMATION_FORMAT = dwarf;
				ENABLE_STRICT_OBJC_MSGSEND = YES;
				ENABLE_TESTABILITY = YES;
				GCC_C_LANGUAGE_STANDARD = gnu99;
				GCC_DYNAMIC_NO_PIC = NO;
				GCC_NO_COMMON_BLOCKS = YES;
				GCC_OPTIMIZATION_LEVEL = 0;
				GCC_PREPROCESSOR_DEFINITIONS = (
					"DEBUG=1",
					"$(inherited)",
				);
				GCC_WARN_64_TO_32_BIT_CONVERSION = YES;
				GCC_WARN_ABOUT_RETURN_TYPE = YES_ERROR;
				GCC_WARN_UNDECLARED_SELECTOR = YES;
				GCC_WARN_UNINITIALIZED_AUTOS = YES_AGGRESSIVE;
				GCC_WARN_UNUSED_FUNCTION = YES;
				GCC_WARN_UNUSED_VARIABLE = YES;
				IPHONEOS_DEPLOYMENT_TARGET = 10.3;
				MTL_ENABLE_DEBUG_INFO = YES;
				ONLY_ACTIVE_ARCH = YES;
				SDKROOT = iphoneos;
				SWIFT_ACTIVE_COMPILATION_CONDITIONS = DEBUG;
				SWIFT_OPTIMIZATION_LEVEL = "-Onone";
			};
			name = Debug;
		};
		48649DE61F042E9800B67E9A /* Release */ = {
			isa = XCBuildConfiguration;
			buildSettings = {
				ALWAYS_SEARCH_USER_PATHS = NO;
				CLANG_ANALYZER_NONNULL = YES;
				CLANG_ANALYZER_NUMBER_OBJECT_CONVERSION = YES_AGGRESSIVE;
				CLANG_CXX_LANGUAGE_STANDARD = "gnu++0x";
				CLANG_CXX_LIBRARY = "libc++";
				CLANG_ENABLE_MODULES = YES;
				CLANG_ENABLE_OBJC_ARC = YES;
				CLANG_WARN_BOOL_CONVERSION = YES;
				CLANG_WARN_CONSTANT_CONVERSION = YES;
				CLANG_WARN_DIRECT_OBJC_ISA_USAGE = YES_ERROR;
				CLANG_WARN_DOCUMENTATION_COMMENTS = YES;
				CLANG_WARN_EMPTY_BODY = YES;
				CLANG_WARN_ENUM_CONVERSION = YES;
				CLANG_WARN_INFINITE_RECURSION = YES;
				CLANG_WARN_INT_CONVERSION = YES;
				CLANG_WARN_OBJC_ROOT_CLASS = YES_ERROR;
				CLANG_WARN_SUSPICIOUS_MOVE = YES;
				CLANG_WARN_UNREACHABLE_CODE = YES;
				CLANG_WARN__DUPLICATE_METHOD_MATCH = YES;
				"CODE_SIGN_IDENTITY[sdk=iphoneos*]" = "iPhone Developer";
				COPY_PHASE_STRIP = NO;
				DEBUG_INFORMATION_FORMAT = "dwarf-with-dsym";
				ENABLE_NS_ASSERTIONS = NO;
				ENABLE_STRICT_OBJC_MSGSEND = YES;
				GCC_C_LANGUAGE_STANDARD = gnu99;
				GCC_NO_COMMON_BLOCKS = YES;
				GCC_WARN_64_TO_32_BIT_CONVERSION = YES;
				GCC_WARN_ABOUT_RETURN_TYPE = YES_ERROR;
				GCC_WARN_UNDECLARED_SELECTOR = YES;
				GCC_WARN_UNINITIALIZED_AUTOS = YES_AGGRESSIVE;
				GCC_WARN_UNUSED_FUNCTION = YES;
				GCC_WARN_UNUSED_VARIABLE = YES;
				IPHONEOS_DEPLOYMENT_TARGET = 10.3;
				MTL_ENABLE_DEBUG_INFO = NO;
				SDKROOT = iphoneos;
				SWIFT_OPTIMIZATION_LEVEL = "-Owholemodule";
				VALIDATE_PRODUCT = YES;
			};
			name = Release;
		};
		48649DE81F042E9800B67E9A /* Debug */ = {
			isa = XCBuildConfiguration;
			baseConfigurationReference = 1E73F1AD1F80AA2351A2268B /* Pods-GithubTestApp.debug.xcconfig */;
			buildSettings = {
				ASSETCATALOG_COMPILER_APPICON_NAME = AppIcon;
				DEVELOPMENT_TEAM = G8XQL5X2GB;
				INFOPLIST_FILE = GithubTestApp/Info.plist;
				LD_RUNPATH_SEARCH_PATHS = "$(inherited) @executable_path/Frameworks";
				PRODUCT_BUNDLE_IDENTIFIER = com.example.GithubTestApp;
				PRODUCT_NAME = "$(TARGET_NAME)";
				SWIFT_VERSION = 3.0;
			};
			name = Debug;
		};
		48649DE91F042E9800B67E9A /* Release */ = {
			isa = XCBuildConfiguration;
			baseConfigurationReference = 34781969E7BB308099C55833 /* Pods-GithubTestApp.release.xcconfig */;
			buildSettings = {
				ASSETCATALOG_COMPILER_APPICON_NAME = AppIcon;
				DEVELOPMENT_TEAM = G8XQL5X2GB;
				INFOPLIST_FILE = GithubTestApp/Info.plist;
				LD_RUNPATH_SEARCH_PATHS = "$(inherited) @executable_path/Frameworks";
				PRODUCT_BUNDLE_IDENTIFIER = com.example.GithubTestApp;
				PRODUCT_NAME = "$(TARGET_NAME)";
				SWIFT_VERSION = 3.0;
			};
			name = Release;
		};
/* End XCBuildConfiguration section */

/* Begin XCConfigurationList section */
		48649DD01F042E9800B67E9A /* Build configuration list for PBXProject "GithubTestApp" */ = {
			isa = XCConfigurationList;
			buildConfigurations = (
				48649DE51F042E9800B67E9A /* Debug */,
				48649DE61F042E9800B67E9A /* Release */,
			);
			defaultConfigurationIsVisible = 0;
			defaultConfigurationName = Release;
		};
		48649DE71F042E9800B67E9A /* Build configuration list for PBXNativeTarget "GithubTestApp" */ = {
			isa = XCConfigurationList;
			buildConfigurations = (
				48649DE81F042E9800B67E9A /* Debug */,
				48649DE91F042E9800B67E9A /* Release */,
			);
			defaultConfigurationIsVisible = 0;
			defaultConfigurationName = Release;
		};
/* End XCConfigurationList section */
	};
	rootObject = 48649DCD1F042E9800B67E9A /* Project object */;
}
